# THIS IS AN AUTOGENERATED FILE. DO NOT EDIT THIS FILE DIRECTLY.
# yarn lockfile v1


emoji-regex@^9.2.0:
  version "9.2.0"
  resolved "https://registry.yarnpkg.com/emoji-regex/-/emoji-regex-9.2.0.tgz#a26da8e832b16a9753309f25e35e3c0efb9a066a"
  integrity sha512-DNc3KFPK18bPdElMJnf/Pkv5TXhxFU3YFDEuGLDRtPmV4rkmCjBkCSEp22u6rBHdSN9Vlp/GK7k98prmE1Jgug==

gemoji@^7.0.0:
  version "7.0.0"
  resolved "https://registry.yarnpkg.com/gemoji/-/gemoji-7.0.0.tgz#e77c435a208ab6d74a32d5e9d05746ee86ae0390"
  integrity sha512-QN1P252570sLIRdEUQCB0hA1EaEuQZCcgLIDxSEPr353q9eBRLxV7cRN/MxhVRCXqybUX0GwUgi0qPMV0zSA7w==

typescript@^4.1.2:
  version "4.1.2"
  resolved "https://registry.yarnpkg.com/typescript/-/typescript-4.1.2.tgz#6369ef22516fe5e10304aae5a5c4862db55380e9"
  integrity sha512-thGloWsGH3SOxv1SoY7QojKi0tc+8FnOmiarEGMbd/lar7QOEd3hvlx3Fp5y6FlDUGl9L+pd4n2e+oToGMmhRQ==
