# THIS IS AN AUTOGENERATED FILE. DO NOT EDIT THIS FILE DIRECTLY.
# yarn lockfile v1


emoji-regex@^10.0.0:
  version "10.0.0"
  resolved "https://registry.yarnpkg.com/emoji-regex/-/emoji-regex-10.0.0.tgz#96559e19f82231b436403e059571241d627c42b8"
  integrity sha512-KmJa8l6uHi1HrBI34udwlzZY1jOEuID/ft4d8BSSEdRyap7PwBEt910453PJa5MuGvxkLqlt4Uvhu7tttFHViw==

gemoji@^6.1.0:
  version "6.1.0"
  resolved "https://registry.yarnpkg.com/gemoji/-/gemoji-6.1.0.tgz#268fbb0c81d1a8c32a4bcc39bdfdd66080ba7ce9"
  integrity sha512-MOlX3doQ1fsfzxQX8Y+u6bC5Ssc1pBUBIPVyrS69EzKt+5LIZAOm0G5XGVNhwXFgkBF3r+Yk88ONyrFHo8iNFA==

typescript@^4.1.2:
  version "4.1.2"
  resolved "https://registry.yarnpkg.com/typescript/-/typescript-4.1.2.tgz#6369ef22516fe5e10304aae5a5c4862db55380e9"
  integrity sha512-thGloWsGH3SOxv1SoY7QojKi0tc+8FnOmiarEGMbd/lar7QOEd3hvlx3Fp5y6FlDUGl9L+pd4n2e+oToGMmhRQ==
